// !$*UTF8*$!
{
	archiveVersion = 1;
	classes = {
	};
	objectVersion = 52;
	objects = {

/* Begin PBXBuildFile section */
		DF079172266231F900425768 /* GalleryCellViewController.swift in Sources */ = {isa = PBXBuildFile; fileRef = DF079171266231F900425768 /* GalleryCellViewController.swift */; };
		DF079174266236A800425768 /* Note.swift in Sources */ = {isa = PBXBuildFile; fileRef = DF079173266236A800425768 /* Note.swift */; };
		DF0791762662389A00425768 /* ImageViewController.swift in Sources */ = {isa = PBXBuildFile; fileRef = DF0791752662389A00425768 /* ImageViewController.swift */; };
		DF194E14265D42BA0057279A /* AddressListViewController.swift in Sources */ = {isa = PBXBuildFile; fileRef = DF194E13265D42BA0057279A /* AddressListViewController.swift */; };
		DF194E18265D43A80057279A /* AddressListTableViewCell.swift in Sources */ = {isa = PBXBuildFile; fileRef = DF194E17265D43A80057279A /* AddressListTableViewCell.swift */; };
		DF2DD13E265BE68D00E159F3 /* Realm in Frameworks */ = {isa = PBXBuildFile; productRef = DF2DD13D265BE68D00E159F3 /* Realm */; };
		DF2DD140265BE68D00E159F3 /* RealmSwift in Frameworks */ = {isa = PBXBuildFile; productRef = DF2DD13F265BE68D00E159F3 /* RealmSwift */; };
		DF2DD142265BEC1B00E159F3 /* AddViewController.swift in Sources */ = {isa = PBXBuildFile; fileRef = DF2DD141265BEC1B00E159F3 /* AddViewController.swift */; };
		DF2DD144265BF30D00E159F3 /* AddressCollectionViewController.swift in Sources */ = {isa = PBXBuildFile; fileRef = DF2DD143265BF30D00E159F3 /* AddressCollectionViewController.swift */; };
		DF2DD146265BF3BA00E159F3 /* Address.swift in Sources */ = {isa = PBXBuildFile; fileRef = DF2DD145265BF3BA00E159F3 /* Address.swift */; };
		DF81C0FD2659F8EF00A9C814 /* AppDelegate.swift in Sources */ = {isa = PBXBuildFile; fileRef = DF81C0FC2659F8EF00A9C814 /* AppDelegate.swift */; };
		DF81C0FF2659F8EF00A9C814 /* SceneDelegate.swift in Sources */ = {isa = PBXBuildFile; fileRef = DF81C0FE2659F8EF00A9C814 /* SceneDelegate.swift */; };
		DF81C1042659F8EF00A9C814 /* Main.storyboard in Resources */ = {isa = PBXBuildFile; fileRef = DF81C1022659F8EF00A9C814 /* Main.storyboard */; };
		DF81C1062659F8F200A9C814 /* Assets.xcassets in Resources */ = {isa = PBXBuildFile; fileRef = DF81C1052659F8F200A9C814 /* Assets.xcassets */; };
		DF81C1092659F8F200A9C814 /* LaunchScreen.storyboard in Resources */ = {isa = PBXBuildFile; fileRef = DF81C1072659F8F200A9C814 /* LaunchScreen.storyboard */; };
		DF81C11C265A3F3600A9C814 /* CollectionViewCell.swift in Sources */ = {isa = PBXBuildFile; fileRef = DF81C11B265A3F3600A9C814 /* CollectionViewCell.swift */; };
		DFC236AA265FF4AF00AFAAEE /* GalleryViewController.swift in Sources */ = {isa = PBXBuildFile; fileRef = DFC236A9265FF4AF00AFAAEE /* GalleryViewController.swift */; };
/* End PBXBuildFile section */

/* Begin PBXFileReference section */
		DF079171266231F900425768 /* GalleryCellViewController.swift */ = {isa = PBXFileReference; lastKnownFileType = sourcecode.swift; path = GalleryCellViewController.swift; sourceTree = "<group>"; };
		DF079173266236A800425768 /* Note.swift */ = {isa = PBXFileReference; lastKnownFileType = sourcecode.swift; path = Note.swift; sourceTree = "<group>"; };
		DF0791752662389A00425768 /* ImageViewController.swift */ = {isa = PBXFileReference; lastKnownFileType = sourcecode.swift; path = ImageViewController.swift; sourceTree = "<group>"; };
		DF194E13265D42BA0057279A /* AddressListViewController.swift */ = {isa = PBXFileReference; lastKnownFileType = sourcecode.swift; path = AddressListViewController.swift; sourceTree = "<group>"; };
		DF194E17265D43A80057279A /* AddressListTableViewCell.swift */ = {isa = PBXFileReference; lastKnownFileType = sourcecode.swift; path = AddressListTableViewCell.swift; sourceTree = "<group>"; };
		DF2DD141265BEC1B00E159F3 /* AddViewController.swift */ = {isa = PBXFileReference; lastKnownFileType = sourcecode.swift; path = AddViewController.swift; sourceTree = "<group>"; };
		DF2DD143265BF30D00E159F3 /* AddressCollectionViewController.swift */ = {isa = PBXFileReference; lastKnownFileType = sourcecode.swift; path = AddressCollectionViewController.swift; sourceTree = "<group>"; };
		DF2DD145265BF3BA00E159F3 /* Address.swift */ = {isa = PBXFileReference; lastKnownFileType = sourcecode.swift; path = Address.swift; sourceTree = "<group>"; };
		DF81C0F92659F8EF00A9C814 /* SmartBinder.app */ = {isa = PBXFileReference; explicitFileType = wrapper.application; includeInIndex = 0; path = SmartBinder.app; sourceTree = BUILT_PRODUCTS_DIR; };
		DF81C0FC2659F8EF00A9C814 /* AppDelegate.swift */ = {isa = PBXFileReference; lastKnownFileType = sourcecode.swift; path = AppDelegate.swift; sourceTree = "<group>"; };
		DF81C0FE2659F8EF00A9C814 /* SceneDelegate.swift */ = {isa = PBXFileReference; lastKnownFileType = sourcecode.swift; path = SceneDelegate.swift; sourceTree = "<group>"; };
		DF81C1032659F8EF00A9C814 /* Base */ = {isa = PBXFileReference; lastKnownFileType = file.storyboard; name = Base; path = Base.lproj/Main.storyboard; sourceTree = "<group>"; };
		DF81C1052659F8F200A9C814 /* Assets.xcassets */ = {isa = PBXFileReference; lastKnownFileType = folder.assetcatalog; path = Assets.xcassets; sourceTree = "<group>"; };
		DF81C1082659F8F200A9C814 /* Base */ = {isa = PBXFileReference; lastKnownFileType = file.storyboard; name = Base; path = Base.lproj/LaunchScreen.storyboard; sourceTree = "<group>"; };
		DF81C10A2659F8F200A9C814 /* Info.plist */ = {isa = PBXFileReference; lastKnownFileType = text.plist.xml; path = Info.plist; sourceTree = "<group>"; };
		DF81C11B265A3F3600A9C814 /* CollectionViewCell.swift */ = {isa = PBXFileReference; lastKnownFileType = sourcecode.swift; path = CollectionViewCell.swift; sourceTree = "<group>"; };
		DFC236A9265FF4AF00AFAAEE /* GalleryViewController.swift */ = {isa = PBXFileReference; lastKnownFileType = sourcecode.swift; path = GalleryViewController.swift; sourceTree = "<group>"; };
/* End PBXFileReference section */

/* Begin PBXFrameworksBuildPhase section */
		DF81C0F62659F8EF00A9C814 /* Frameworks */ = {
			isa = PBXFrameworksBuildPhase;
			buildActionMask = 2147483647;
			files = (
				DF2DD140265BE68D00E159F3 /* RealmSwift in Frameworks */,
				DF2DD13E265BE68D00E159F3 /* Realm in Frameworks */,
			);
			runOnlyForDeploymentPostprocessing = 0;
		};
/* End PBXFrameworksBuildPhase section */

/* Begin PBXGroup section */
		DF81C0F02659F8EF00A9C814 = {
			isa = PBXGroup;
			children = (
				DF81C0FB2659F8EF00A9C814 /* SmartBinder */,
				DF81C0FA2659F8EF00A9C814 /* Products */,
			);
			sourceTree = "<group>";
		};
		DF81C0FA2659F8EF00A9C814 /* Products */ = {
			isa = PBXGroup;
			children = (
				DF81C0F92659F8EF00A9C814 /* SmartBinder.app */,
			);
			name = Products;
			sourceTree = "<group>";
		};
		DF81C0FB2659F8EF00A9C814 /* SmartBinder */ = {
			isa = PBXGroup;
			children = (
				DF81C0FE2659F8EF00A9C814 /* SceneDelegate.swift */,
				DF81C0FC2659F8EF00A9C814 /* AppDelegate.swift */,
				DF81C1022659F8EF00A9C814 /* Main.storyboard */,
				DF81C1052659F8F200A9C814 /* Assets.xcassets */,
				DF81C1072659F8F200A9C814 /* LaunchScreen.storyboard */,
				DF81C11B265A3F3600A9C814 /* CollectionViewCell.swift */,
				DF2DD143265BF30D00E159F3 /* AddressCollectionViewController.swift */,
				DF81C10A2659F8F200A9C814 /* Info.plist */,
				DF2DD145265BF3BA00E159F3 /* Address.swift */,
				DF2DD141265BEC1B00E159F3 /* AddViewController.swift */,
				DF194E13265D42BA0057279A /* AddressListViewController.swift */,
				DF194E17265D43A80057279A /* AddressListTableViewCell.swift */,
				DFC236A9265FF4AF00AFAAEE /* GalleryViewController.swift */,
				DF079171266231F900425768 /* GalleryCellViewController.swift */,
				DF079173266236A800425768 /* Note.swift */,
				DF0791752662389A00425768 /* ImageViewController.swift */,
			);
			path = SmartBinder;
			sourceTree = "<group>";
		};
/* End PBXGroup section */

/* Begin PBXNativeTarget section */
		DF81C0F82659F8EF00A9C814 /* SmartBinder */ = {
			isa = PBXNativeTarget;
			buildConfigurationList = DF81C10D2659F8F200A9C814 /* Build configuration list for PBXNativeTarget "SmartBinder" */;
			buildPhases = (
				DF81C0F52659F8EF00A9C814 /* Sources */,
				DF81C0F62659F8EF00A9C814 /* Frameworks */,
				DF81C0F72659F8EF00A9C814 /* Resources */,
			);
			buildRules = (
			);
			dependencies = (
			);
			name = SmartBinder;
			packageProductDependencies = (
				DF2DD13D265BE68D00E159F3 /* Realm */,
				DF2DD13F265BE68D00E159F3 /* RealmSwift */,
			);
			productName = SmartBinder;
			productReference = DF81C0F92659F8EF00A9C814 /* SmartBinder.app */;
			productType = "com.apple.product-type.application";
		};
/* End PBXNativeTarget section */

/* Begin PBXProject section */
		DF81C0F12659F8EF00A9C814 /* Project object */ = {
			isa = PBXProject;
			attributes = {
				LastSwiftUpdateCheck = 1250;
				LastUpgradeCheck = 1250;
				TargetAttributes = {
					DF81C0F82659F8EF00A9C814 = {
						CreatedOnToolsVersion = 12.5;
					};
				};
			};
			buildConfigurationList = DF81C0F42659F8EF00A9C814 /* Build configuration list for PBXProject "SmartBinder" */;
			compatibilityVersion = "Xcode 9.3";
			developmentRegion = en;
			hasScannedForEncodings = 0;
			knownRegions = (
				en,
				Base,
			);
			mainGroup = DF81C0F02659F8EF00A9C814;
			packageReferences = (
				DF2DD13C265BE68D00E159F3 /* XCRemoteSwiftPackageReference "realm-cocoa" */,
			);
			productRefGroup = DF81C0FA2659F8EF00A9C814 /* Products */;
			projectDirPath = "";
			projectRoot = "";
			targets = (
				DF81C0F82659F8EF00A9C814 /* SmartBinder */,
			);
		};
/* End PBXProject section */

/* Begin PBXResourcesBuildPhase section */
		DF81C0F72659F8EF00A9C814 /* Resources */ = {
			isa = PBXResourcesBuildPhase;
			buildActionMask = 2147483647;
			files = (
				DF81C1092659F8F200A9C814 /* LaunchScreen.storyboard in Resources */,
				DF81C1062659F8F200A9C814 /* Assets.xcassets in Resources */,
				DF81C1042659F8EF00A9C814 /* Main.storyboard in Resources */,
			);
			runOnlyForDeploymentPostprocessing = 0;
		};
/* End PBXResourcesBuildPhase section */

/* Begin PBXSourcesBuildPhase section */
		DF81C0F52659F8EF00A9C814 /* Sources */ = {
			isa = PBXSourcesBuildPhase;
			buildActionMask = 2147483647;
			files = (
				DF81C11C265A3F3600A9C814 /* CollectionViewCell.swift in Sources */,
				DF079172266231F900425768 /* GalleryCellViewController.swift in Sources */,
				DF2DD144265BF30D00E159F3 /* AddressCollectionViewController.swift in Sources */,
				DF2DD142265BEC1B00E159F3 /* AddViewController.swift in Sources */,
				DF81C0FD2659F8EF00A9C814 /* AppDelegate.swift in Sources */,
				DF194E14265D42BA0057279A /* AddressListViewController.swift in Sources */,
				DF81C0FF2659F8EF00A9C814 /* SceneDelegate.swift in Sources */,
				DF079174266236A800425768 /* Note.swift in Sources */,
				DFC236AA265FF4AF00AFAAEE /* GalleryViewController.swift in Sources */,
				DF194E18265D43A80057279A /* AddressListTableViewCell.swift in Sources */,
				DF0791762662389A00425768 /* ImageViewController.swift in Sources */,
				DF2DD146265BF3BA00E159F3 /* Address.swift in Sources */,
			);
			runOnlyForDeploymentPostprocessing = 0;
		};
/* End PBXSourcesBuildPhase section */

/* Begin PBXVariantGroup section */
		DF81C1022659F8EF00A9C814 /* Main.storyboard */ = {
			isa = PBXVariantGroup;
			children = (
				DF81C1032659F8EF00A9C814 /* Base */,
			);
			name = Main.storyboard;
			sourceTree = "<group>";
		};
		DF81C1072659F8F200A9C814 /* LaunchScreen.storyboard */ = {
			isa = PBXVariantGroup;
			children = (
				DF81C1082659F8F200A9C814 /* Base */,
			);
			name = LaunchScreen.storyboard;
			sourceTree = "<group>";
		};
/* End PBXVariantGroup section */

/* Begin XCBuildConfiguration section */
		DF81C10B2659F8F200A9C814 /* Debug */ = {
			isa = XCBuildConfiguration;
			buildSettings = {
				ALWAYS_SEARCH_USER_PATHS = NO;
				CLANG_ANALYZER_NONNULL = YES;
				CLANG_ANALYZER_NUMBER_OBJECT_CONVERSION = YES_AGGRESSIVE;
				CLANG_CXX_LANGUAGE_STANDARD = "gnu++14";
				CLANG_CXX_LIBRARY = "libc++";
				CLANG_ENABLE_MODULES = YES;
				CLANG_ENABLE_OBJC_ARC = YES;
				CLANG_ENABLE_OBJC_WEAK = YES;
				CLANG_WARN_BLOCK_CAPTURE_AUTORELEASING = YES;
				CLANG_WARN_BOOL_CONVERSION = YES;
				CLANG_WARN_COMMA = YES;
				CLANG_WARN_CONSTANT_CONVERSION = YES;
				CLANG_WARN_DEPRECATED_OBJC_IMPLEMENTATIONS = YES;
				CLANG_WARN_DIRECT_OBJC_ISA_USAGE = YES_ERROR;
				CLANG_WARN_DOCUMENTATION_COMMENTS = YES;
				CLANG_WARN_EMPTY_BODY = YES;
				CLANG_WARN_ENUM_CONVERSION = YES;
				CLANG_WARN_INFINITE_RECURSION = YES;
				CLANG_WARN_INT_CONVERSION = YES;
				CLANG_WARN_NON_LITERAL_NULL_CONVERSION = YES;
				CLANG_WARN_OBJC_IMPLICIT_RETAIN_SELF = YES;
				CLANG_WARN_OBJC_LITERAL_CONVERSION = YES;
				CLANG_WARN_OBJC_ROOT_CLASS = YES_ERROR;
				CLANG_WARN_QUOTED_INCLUDE_IN_FRAMEWORK_HEADER = YES;
				CLANG_WARN_RANGE_LOOP_ANALYSIS = YES;
				CLANG_WARN_STRICT_PROTOTYPES = YES;
				CLANG_WARN_SUSPICIOUS_MOVE = YES;
				CLANG_WARN_UNGUARDED_AVAILABILITY = YES_AGGRESSIVE;
				CLANG_WARN_UNREACHABLE_CODE = YES;
				CLANG_WARN__DUPLICATE_METHOD_MATCH = YES;
				COPY_PHASE_STRIP = NO;
				DEBUG_INFORMATION_FORMAT = dwarf;
				ENABLE_STRICT_OBJC_MSGSEND = YES;
				ENABLE_TESTABILITY = YES;
				GCC_C_LANGUAGE_STANDARD = gnu11;
				GCC_DYNAMIC_NO_PIC = NO;
				GCC_NO_COMMON_BLOCKS = YES;
				GCC_OPTIMIZATION_LEVEL = 0;
				GCC_PREPROCESSOR_DEFINITIONS = (
					"DEBUG=1",
					"$(inherited)",
				);
				GCC_WARN_64_TO_32_BIT_CONVERSION = YES;
				GCC_WARN_ABOUT_RETURN_TYPE = YES_ERROR;
				GCC_WARN_UNDECLARED_SELECTOR = YES;
				GCC_WARN_UNINITIALIZED_AUTOS = YES_AGGRESSIVE;
				GCC_WARN_UNUSED_FUNCTION = YES;
				GCC_WARN_UNUSED_VARIABLE = YES;
				IPHONEOS_DEPLOYMENT_TARGET = 14.5;
				MTL_ENABLE_DEBUG_INFO = INCLUDE_SOURCE;
				MTL_FAST_MATH = YES;
				ONLY_ACTIVE_ARCH = YES;
				SDKROOT = iphoneos;
				SWIFT_ACTIVE_COMPILATION_CONDITIONS = DEBUG;
				SWIFT_OPTIMIZATION_LEVEL = "-Onone";
			};
			name = Debug;
		};
		DF81C10C2659F8F200A9C814 /* Release */ = {
			isa = XCBuildConfiguration;
			buildSettings = {
				ALWAYS_SEARCH_USER_PATHS = NO;
				CLANG_ANALYZER_NONNULL = YES;
				CLANG_ANALYZER_NUMBER_OBJECT_CONVERSION = YES_AGGRESSIVE;
				CLANG_CXX_LANGUAGE_STANDARD = "gnu++14";
				CLANG_CXX_LIBRARY = "libc++";
				CLANG_ENABLE_MODULES = YES;
				CLANG_ENABLE_OBJC_ARC = YES;
				CLANG_ENABLE_OBJC_WEAK = YES;
				CLANG_WARN_BLOCK_CAPTURE_AUTORELEASING = YES;
				CLANG_WARN_BOOL_CONVERSION = YES;
				CLANG_WARN_COMMA = YES;
				CLANG_WARN_CONSTANT_CONVERSION = YES;
				CLANG_WARN_DEPRECATED_OBJC_IMPLEMENTATIONS = YES;
				CLANG_WARN_DIRECT_OBJC_ISA_USAGE = YES_ERROR;
				CLANG_WARN_DOCUMENTATION_COMMENTS = YES;
				CLANG_WARN_EMPTY_BODY = YES;
				CLANG_WARN_ENUM_CONVERSION = YES;
				CLANG_WARN_INFINITE_RECURSION = YES;
				CLANG_WARN_INT_CONVERSION = YES;
				CLANG_WARN_NON_LITERAL_NULL_CONVERSION = YES;
				CLANG_WARN_OBJC_IMPLICIT_RETAIN_SELF = YES;
				CLANG_WARN_OBJC_LITERAL_CONVERSION = YES;
				CLANG_WARN_OBJC_ROOT_CLASS = YES_ERROR;
				CLANG_WARN_QUOTED_INCLUDE_IN_FRAMEWORK_HEADER = YES;
				CLANG_WARN_RANGE_LOOP_ANALYSIS = YES;
				CLANG_WARN_STRICT_PROTOTYPES = YES;
				CLANG_WARN_SUSPICIOUS_MOVE = YES;
				CLANG_WARN_UNGUARDED_AVAILABILITY = YES_AGGRESSIVE;
				CLANG_WARN_UNREACHABLE_CODE = YES;
				CLANG_WARN__DUPLICATE_METHOD_MATCH = YES;
				COPY_PHASE_STRIP = NO;
				DEBUG_INFORMATION_FORMAT = "dwarf-with-dsym";
				ENABLE_NS_ASSERTIONS = NO;
				ENABLE_STRICT_OBJC_MSGSEND = YES;
				GCC_C_LANGUAGE_STANDARD = gnu11;
				GCC_NO_COMMON_BLOCKS = YES;
				GCC_WARN_64_TO_32_BIT_CONVERSION = YES;
				GCC_WARN_ABOUT_RETURN_TYPE = YES_ERROR;
				GCC_WARN_UNDECLARED_SELECTOR = YES;
				GCC_WARN_UNINITIALIZED_AUTOS = YES_AGGRESSIVE;
				GCC_WARN_UNUSED_FUNCTION = YES;
				GCC_WARN_UNUSED_VARIABLE = YES;
				IPHONEOS_DEPLOYMENT_TARGET = 14.5;
				MTL_ENABLE_DEBUG_INFO = NO;
				MTL_FAST_MATH = YES;
				SDKROOT = iphoneos;
				SWIFT_COMPILATION_MODE = wholemodule;
				SWIFT_OPTIMIZATION_LEVEL = "-O";
				VALIDATE_PRODUCT = YES;
			};
			name = Release;
		};
		DF81C10E2659F8F200A9C814 /* Debug */ = {
			isa = XCBuildConfiguration;
			buildSettings = {
				ASSETCATALOG_COMPILER_APPICON_NAME = AppIcon;
				ASSETCATALOG_COMPILER_GLOBAL_ACCENT_COLOR_NAME = AccentColor;
				CODE_SIGN_IDENTITY = "iPhone Developer";
				CODE_SIGN_STYLE = Manual;
				CURRENT_PROJECT_VERSION = 4;
				DEVELOPMENT_TEAM = 2K446D59RQ;
				INFOPLIST_FILE = SmartBinder/Info.plist;
				LD_RUNPATH_SEARCH_PATHS = (
					"$(inherited)",
					"@executable_path/Frameworks",
				);
				PRODUCT_BUNDLE_IDENTIFIER = jp.com.lifeistech.smartbinder;
				PRODUCT_NAME = "$(TARGET_NAME)";
				PROVISIONING_PROFILE_SPECIFIER = "L13-Imai-Develop";
				SWIFT_VERSION = 5.0;
				TARGETED_DEVICE_FAMILY = "1,2";
			};
			name = Debug;
		};
		DF81C10F2659F8F200A9C814 /* Release */ = {
			isa = XCBuildConfiguration;
			buildSettings = {
				ASSETCATALOG_COMPILER_APPICON_NAME = AppIcon;
				ASSETCATALOG_COMPILER_GLOBAL_ACCENT_COLOR_NAME = AccentColor;
				CODE_SIGN_IDENTITY = "iPhone Distribution";
				CODE_SIGN_STYLE = Manual;
				CURRENT_PROJECT_VERSION = 4;
				DEVELOPMENT_TEAM = 2K446D59RQ;
				INFOPLIST_FILE = SmartBinder/Info.plist;
				LD_RUNPATH_SEARCH_PATHS = (
					"$(inherited)",
					"@executable_path/Frameworks",
				);
				PRODUCT_BUNDLE_IDENTIFIER = jp.com.lifeistech.smartbinder;
				PRODUCT_NAME = "$(TARGET_NAME)";
				PROVISIONING_PROFILE_SPECIFIER = "L13-Imai-Distribution";
				SWIFT_VERSION = 5.0;
				TARGETED_DEVICE_FAMILY = "1,2";
			};
			name = Release;
		};
/* End XCBuildConfiguration section */

/* Begin XCConfigurationList section */
		DF81C0F42659F8EF00A9C814 /* Build configuration list for PBXProject "SmartBinder" */ = {
			isa = XCConfigurationList;
			buildConfigurations = (
				DF81C10B2659F8F200A9C814 /* Debug */,
				DF81C10C2659F8F200A9C814 /* Release */,
			);
			defaultConfigurationIsVisible = 0;
			defaultConfigurationName = Release;
		};
		DF81C10D2659F8F200A9C814 /* Build configuration list for PBXNativeTarget "SmartBinder" */ = {
			isa = XCConfigurationList;
			buildConfigurations = (
				DF81C10E2659F8F200A9C814 /* Debug */,
				DF81C10F2659F8F200A9C814 /* Release */,
			);
			defaultConfigurationIsVisible = 0;
			defaultConfigurationName = Release;
		};
/* End XCConfigurationList section */

/* Begin XCRemoteSwiftPackageReference section */
		DF2DD13C265BE68D00E159F3 /* XCRemoteSwiftPackageReference "realm-cocoa" */ = {
			isa = XCRemoteSwiftPackageReference;
			repositoryURL = "https://github.com/realm/realm-cocoa.git";
			requirement = {
				kind = upToNextMajorVersion;
				minimumVersion = 10.7.6;
			};
		};
/* End XCRemoteSwiftPackageReference section */

/* Begin XCSwiftPackageProductDependency section */
		DF2DD13D265BE68D00E159F3 /* Realm */ = {
			isa = XCSwiftPackageProductDependency;
			package = DF2DD13C265BE68D00E159F3 /* XCRemoteSwiftPackageReference "realm-cocoa" */;
			productName = Realm;
		};
		DF2DD13F265BE68D00E159F3 /* RealmSwift */ = {
			isa = XCSwiftPackageProductDependency;
			package = DF2DD13C265BE68D00E159F3 /* XCRemoteSwiftPackageReference "realm-cocoa" */;
			productName = RealmSwift;
		};
/* End XCSwiftPackageProductDependency section */
	};
	rootObject = DF81C0F12659F8EF00A9C814 /* Project object */;
}
